
Microsoft Visual Studio Solution File, Format Version 12.00
# Visual Studio Version 17
VisualStudioVersion = 17.5.33530.505
MinimumVisualStudioVersion = 10.0.40219.1
Project("{FAE04EC0-301F-11D3-BF4B-00C04F79EFBC}") = "petaverse.frontend.core", "petaverse.frontend.core\petaverse.frontend.core.csproj", "{0EB4248B-45EE-40E4-A0FA-3E6570351E64}"
EndProject
Global
	GlobalSection(SolutionConfigurationPlatforms) = preSolution
		Debug|Any CPU = Debug|Any CPU
		Release|Any CPU = Release|Any CPU
	EndGlobalSection
	GlobalSection(ProjectConfigurationPlatforms) = postSolution
		{0EB4248B-45EE-40E4-A0FA-3E6570351E64}.Debug|Any CPU.ActiveCfg = Debug|Any CPU
		{0EB4248B-45EE-40E4-A0FA-3E6570351E64}.Debug|Any CPU.Build.0 = Debug|Any CPU
		{0EB4248B-45EE-40E4-A0FA-3E6570351E64}.Release|Any CPU.ActiveCfg = Release|Any CPU
		{0EB4248B-45EE-40E4-A0FA-3E6570351E64}.Release|Any CPU.Build.0 = Release|Any CPU
	EndGlobalSection
	GlobalSection(SolutionProperties) = preSolution
		HideSolutionNode = FALSE
	EndGlobalSection
	GlobalSection(ExtensibilityGlobals) = postSolution
		SolutionGuid = {DE799524-6E63-45E4-873A-601A6C60856D}
	EndGlobalSection
EndGlobal
